hash: 2bf0e4b1afe25f1320441311cb2abf5a133a2f8018d17fe450f13e8b39573e2d
updated: 2017-11-23T16:44:47.490547557+01:00
imports:
- name: github.com/armon/go-metrics
  version: 9a4b6e10bed6220a1665955aa2b75afc91eb10b3
- name: github.com/dgrijalva/jwt-go
  version: dbeaa9332f19a944acb5736b4456cfcc02140e29
- name: github.com/dimfeld/httppath
  version: ee938bf735983d53694d79138ad9820efff94c92
- name: github.com/dimfeld/httptreemux
  version: 13dde8a00d96b369e7398490fd8a3af9ca114b84
- name: github.com/fabric8-services/fabric8-auth
  version: da575b14ac9ceb113f18f1c1cab75be256460d64
  subpackages:
  - configuration
  - design
  - errors
  - log
  - login/tokencontext
  - rest
  - token
- name: github.com/fabric8-services/fabric8-wit
  version: ed49dd4d0678a97d13ba469efbd5cdea2e5dbe67
  subpackages:
  - configuration
  - errors
  - goamiddleware
  - log
  - rest
- name: github.com/fsnotify/fsnotify
  version: 629574ca2a5df945712d3079857300b5e4da0236
- name: github.com/goadesign/goa
  version: 5646a430cdeb66983d5ace3384e0a667c185abc7
  vcs: git
  subpackages:
  - client
  - cors
  - design
  - design/apidsl
  - dslengine
  - goagen
  - goagen/codegen
  - goagen/gen_app
  - goagen/gen_controller
  - goagen/utils
  - goatest
  - logging/logrus
  - middleware
  - middleware/gzip
  - middleware/security/jwt
  - uuid
- name: github.com/hashicorp/go-immutable-radix
  version: 8aac2701530899b64bdea735a1de8da899815220
- name: github.com/hashicorp/golang-lru
  version: 0a025b7e63adc15a622f29b0b2c4c3848243bbf6
  subpackages:
  - simplelru
- name: github.com/hashicorp/hcl
  version: 23c074d0eceb2b8a5bfdbb271ab780cde70f05a8
  subpackages:
  - hcl/ast
  - hcl/parser
  - hcl/scanner
  - hcl/strconv
  - hcl/token
  - json/parser
  - json/scanner
  - json/token
- name: github.com/magiconair/properties
  version: be5ece7dd465ab0765a9682137865547526d1dfb
- name: github.com/manveru/faker
  version: 9fbc68a78c4dbc7914e1a23f88f126bea4383b97
- name: github.com/mitchellh/mapstructure
  version: 06020f85339e21b2478f756a78e295255ffa4d6a
- name: github.com/pelletier/go-buffruneio
  version: c37440a7cf42ac63b919c752ca73a85067e05992
- name: github.com/pelletier/go-toml
  version: 13d49d4606eb801b8f01ae542b4afc4c6ee3d84a
- name: github.com/pkg/errors
  version: 645ef00459ed84a119197bfb8d8205042c6df63d
- name: github.com/satori/go.uuid
  version: 5bf94b69c6b68ee1b541973bb8e1144db23a194b
- name: github.com/sirupsen/logrus
  version: 95cd2b9c79aa5e72ab0bc69b7ccc2be15bf850f6
- name: github.com/spf13/afero
  version: 8d919cbe7e2627e417f3e45c3c0e489a5b7e2536
  subpackages:
  - mem
- name: github.com/spf13/cast
  version: acbeb36b902d72a7a4c18e8f3241075e7ab763e4
- name: github.com/spf13/cobra
  version: 1be1d2841c773c01bee8289f55f7463b6e2c2539
- name: github.com/spf13/jwalterweatherman
  version: 12bd96e66386c1960ab0f74ced1362f66f552f7b
- name: github.com/spf13/pflag
  version: 4c012f6dcd9546820e378d0bdda4d8fc772cdfea
- name: github.com/spf13/viper
  version: 4dddf7c62e16bce5807744018f5b753bfe21bbd2
- name: github.com/zach-klippenstein/goregen
  version: 795b5e3961ea1912fde60af417ad85e86acc0d6a
- name: golang.org/x/crypto
  version: 9f005a07e0d31d45e6656d241bb5c0f2efd4bc94
  subpackages:
  - ed25519
  - ed25519/internal/edwards25519
  - ssh/terminal
- name: golang.org/x/net
  version: c7086645de248775cbf2373cf5ca4d2fa664b8c1
  subpackages:
  - websocket
- name: golang.org/x/sys
  version: 82aafbf43bf885069dc71b7e7c2f9d7a614d47da
  subpackages:
  - unix
  - windows
- name: golang.org/x/text
  version: 88f656faf3f37f690df1a32515b479415e1a6769
  subpackages:
  - transform
  - unicode/norm
- name: gopkg.in/square/go-jose.v2
  version: f8f38de21b4dcd69d0413faf231983f5fd6634b1
  subpackages:
  - cipher
  - json
- name: gopkg.in/yaml.v2
  version: 287cf08546ab5e7e37d55a84f7ed3fd1db036de5
- name: github.com/Unleash/unleash-client-go
  version: 377eea70f16806a6f68414ceed39b1f750eafe1f
  repo: https://github.com/xcoulon/unleash-client-go
  vcs: git
  subpackages:
  - context
  - internal/api
  - internal/strategies
  - strategy
- name: github.com/stretchr/testify
  version: 69483b4bd14f5845b5a1e55bca19e954e827f1d0
  subpackages:
  - assert
  - require
  - suite
testImports: []
